
Microsoft Visual Studio Solution File, Format Version 12.00
# Visual Studio Version 16
VisualStudioVersion = 16.0.29215.179
MinimumVisualStudioVersion = 10.0.40219.1
Project("{FAE04EC0-301F-11D3-BF4B-00C04F79EFBC}") = "FileUploadUpgraded2", "FileUploadUpgraded2\FileUploadUpgraded2.csproj", "{69C32F67-0F96-43E1-879E-4784A9860B18}"
EndProject
Global
	GlobalSection(SolutionConfigurationPlatforms) = preSolution
		Debug|Any CPU = Debug|Any CPU
		Release|Any CPU = Release|Any CPU
	EndGlobalSection
	GlobalSection(ProjectConfigurationPlatforms) = postSolution
		{69C32F67-0F96-43E1-879E-4784A9860B18}.Debug|Any CPU.ActiveCfg = Debug|Any CPU
		{69C32F67-0F96-43E1-879E-4784A9860B18}.Debug|Any CPU.Build.0 = Debug|Any CPU
		{69C32F67-0F96-43E1-879E-4784A9860B18}.Release|Any CPU.ActiveCfg = Release|Any CPU
		{69C32F67-0F96-43E1-879E-4784A9860B18}.Release|Any CPU.Build.0 = Release|Any CPU
	EndGlobalSection
	GlobalSection(SolutionProperties) = preSolution
		HideSolutionNode = FALSE
	EndGlobalSection
	GlobalSection(ExtensibilityGlobals) = postSolution
		SolutionGuid = {7B27ABCA-9C89-40F5-9AF7-3F4CA574A72B}
	EndGlobalSection
EndGlobal
